{
  "name": "drumlogger",
  "version": "1.0.0",
  "lockfileVersion": 1,
  "requires": true,
  "dependencies": {
    "@types/webmidi": {
      "version": "2.0.3",
      "resolved": "https://registry.npmjs.org/@types/webmidi/-/webmidi-2.0.3.tgz",
      "integrity": "sha512-ui4QxwMIf1I601Pw1FgWJqBOOitrWbeox8XENUIR/R7iQ2r3/BROXBpaYq8fKkk6AvGmBKN9oolURHC36KUI0Q=="
    },
    "dotenv": {
      "version": "8.2.0",
      "resolved": "https://registry.npmjs.org/dotenv/-/dotenv-8.2.0.tgz",
      "integrity": "sha512-8sJ78ElpbDJBHNeBzUbUVLsqKdccaa/BXF1uPTw3GrvQTBgrQrtObr2mUrE38vzYd8cEv+m/JBfDLioYcfXoaw=="
    },
    "jazz-midi": {
      "version": "1.7.1",
      "resolved": "https://registry.npmjs.org/jazz-midi/-/jazz-midi-1.7.1.tgz",
      "integrity": "sha512-yHA9uy+OYbEXKwiAq6dPjgJ+2mB+xH9f1WWegWdqKy0rENiLJ8QHrEkkposltjnEza8pBm1IOfxzcEOIF+YTgQ=="
    },
    "jzz": {
      "version": "0.9.7",
      "resolved": "https://registry.npmjs.org/jzz/-/jzz-0.9.7.tgz",
      "integrity": "sha512-fquw/WqCtrztolbaOKODj8xma3mo6MwuLNICLSrOdn2UeWxz1bKdRZaMTSuLTY3zLJy12i+7DM9hbESawu5GSA==",
      "requires": {
        "@types/webmidi": "^2.0.3",
        "jazz-midi": "^1.7.1"
      }
    },
    "jzz-midi-gear": {
      "version": "1.0.9",
      "resolved": "https://registry.npmjs.org/jzz-midi-gear/-/jzz-midi-gear-1.0.9.tgz",
      "integrity": "sha512-fm3uz8wIedg32GKZMbwaMRMToLMoWuLY0KUiDrgbIrPxaHODFHQ1xgm3CXtV4TeLpNkdbR2qCNgeq/DrPdDt4w==",
      "requires": {
        "jzz": "^0.9.6"
      }
    },
    "jzz-midi-smf": {
      "version": "1.2.8",
      "resolved": "https://registry.npmjs.org/jzz-midi-smf/-/jzz-midi-smf-1.2.8.tgz",
      "integrity": "sha512-jlyXf82O1h0Mffd035T4bWwj91wjYkVa9e3youcWT4D89iT6r8Gx9/pC6+aqJc6Eyt7uijceCQPZlNYqaEg/Ig==",
      "requires": {
        "jzz": "^0.9.2"
      }
    }
  }
}
